
Microsoft Visual Studio Solution File, Format Version 12.00
# Visual Studio Version 17
VisualStudioVersion = 17.8.34511.84
MinimumVisualStudioVersion = 10.0.40219.1
Project("{9A19103F-16F7-4668-BE54-9A1E7A4F7556}") = "SatisfactoryProductionManager", "SatisfactoryProductionManager.csproj", "{BB71776F-AD83-4C3E-B195-70DDE75C790E}"
EndProject
Project("{FAE04EC0-301F-11D3-BF4B-00C04F79EFBC}") = "SPM.Tests", "..\SPM.Tests\SPM.Tests.csproj", "{F2943559-DA0B-4776-935B-A695D012B8D9}"
EndProject
Global
	GlobalSection(SolutionConfigurationPlatforms) = preSolution
		Debug|Any CPU = Debug|Any CPU
		Release|Any CPU = Release|Any CPU
	EndGlobalSection
	GlobalSection(ProjectConfigurationPlatforms) = postSolution
		{BB71776F-AD83-4C3E-B195-70DDE75C790E}.Debug|Any CPU.ActiveCfg = Debug|Any CPU
		{BB71776F-AD83-4C3E-B195-70DDE75C790E}.Debug|Any CPU.Build.0 = Debug|Any CPU
		{BB71776F-AD83-4C3E-B195-70DDE75C790E}.Release|Any CPU.ActiveCfg = Release|Any CPU
		{BB71776F-AD83-4C3E-B195-70DDE75C790E}.Release|Any CPU.Build.0 = Release|Any CPU
		{F2943559-DA0B-4776-935B-A695D012B8D9}.Debug|Any CPU.ActiveCfg = Debug|Any CPU
		{F2943559-DA0B-4776-935B-A695D012B8D9}.Debug|Any CPU.Build.0 = Debug|Any CPU
		{F2943559-DA0B-4776-935B-A695D012B8D9}.Release|Any CPU.ActiveCfg = Release|Any CPU
		{F2943559-DA0B-4776-935B-A695D012B8D9}.Release|Any CPU.Build.0 = Release|Any CPU
	EndGlobalSection
	GlobalSection(SolutionProperties) = preSolution
		HideSolutionNode = FALSE
	EndGlobalSection
	GlobalSection(ExtensibilityGlobals) = postSolution
		SolutionGuid = {696E8183-9BDB-4EC1-80E7-C229357DFC11}
	EndGlobalSection
EndGlobal
